
Microsoft Visual Studio Solution File, Format Version 12.00
# Visual Studio 15
VisualStudioVersion = 15.0.27130.0
MinimumVisualStudioVersion = 10.0.40219.1
Project("{FAE04EC0-301F-11D3-BF4B-00C04F79EFBC}") = "CORUJAMANAGER", "CORUJAMANAGER\CORUJAMANAGER.csproj", "{389A245E-C87F-4246-A156-F66D6DEAD23F}"
EndProject
Project("{9A19103F-16F7-4668-BE54-9A1E7A4F7556}") = "CORUJAMANAGER.PROCESSOS", "CORUJAMANAGER.PROCESSOS\CORUJAMANAGER.PROCESSOS.csproj", "{4F6A59A3-4FB0-4B0C-B1D2-5DFB5E3BEE0D}"
EndProject
Project("{9A19103F-16F7-4668-BE54-9A1E7A4F7556}") = "CORUJAMANAGER.MAPEADORES", "CORUJAMANAGER.MAPEADORES\CORUJAMANAGER.MAPEADORES.csproj", "{2E1EA3CB-8A10-48C1-9908-4C2C71F04B70}"
EndProject
Project("{9A19103F-16F7-4668-BE54-9A1E7A4F7556}") = "CORUJAMANAGER.ENTIDADESDENEGOCIO", "CORUJAMANAGER.ENTIDADESDENEGOCIO\CORUJAMANAGER.ENTIDADESDENEGOCIO.csproj", "{1B8803E0-4514-4FD3-B89A-F6D021757EE8}"
EndProject
Project("{9A19103F-16F7-4668-BE54-9A1E7A4F7556}") = "CORUJAMANAGER.RELATORIOS", "CORUJAMANAGER.RELATORIOS\CORUJAMANAGER.RELATORIOS.csproj", "{04AEB2B3-DE72-47E5-B5F2-B23D6E2E84F7}"
EndProject
Project("{FAE04EC0-301F-11D3-BF4B-00C04F79EFBC}") = "CORUJAMANAGER.CONTROLES", "CORUJAMANAGER.CONTROLES\CORUJAMANAGER.CONTROLES.csproj", "{5D46B58B-7D3E-496F-863C-8B3BC667C27E}"
EndProject
Project("{FAE04EC0-301F-11D3-BF4B-00C04F79EFBC}") = "CORUJAMANAGER.TESTES", "CORUJAMANAGER.TESTES\CORUJAMANAGER.TESTES.csproj", "{DFE32E53-E24D-4730-B175-8205B02AB0C3}"
EndProject
Global
	GlobalSection(SolutionConfigurationPlatforms) = preSolution
		Debug|Any CPU = Debug|Any CPU
		Release|Any CPU = Release|Any CPU
	EndGlobalSection
	GlobalSection(ProjectConfigurationPlatforms) = postSolution
		{389A245E-C87F-4246-A156-F66D6DEAD23F}.Debug|Any CPU.ActiveCfg = Debug|Any CPU
		{389A245E-C87F-4246-A156-F66D6DEAD23F}.Debug|Any CPU.Build.0 = Debug|Any CPU
		{389A245E-C87F-4246-A156-F66D6DEAD23F}.Release|Any CPU.ActiveCfg = Release|Any CPU
		{389A245E-C87F-4246-A156-F66D6DEAD23F}.Release|Any CPU.Build.0 = Release|Any CPU
		{4F6A59A3-4FB0-4B0C-B1D2-5DFB5E3BEE0D}.Debug|Any CPU.ActiveCfg = Debug|Any CPU
		{4F6A59A3-4FB0-4B0C-B1D2-5DFB5E3BEE0D}.Debug|Any CPU.Build.0 = Debug|Any CPU
		{4F6A59A3-4FB0-4B0C-B1D2-5DFB5E3BEE0D}.Release|Any CPU.ActiveCfg = Release|Any CPU
		{4F6A59A3-4FB0-4B0C-B1D2-5DFB5E3BEE0D}.Release|Any CPU.Build.0 = Release|Any CPU
		{2E1EA3CB-8A10-48C1-9908-4C2C71F04B70}.Debug|Any CPU.ActiveCfg = Debug|Any CPU
		{2E1EA3CB-8A10-48C1-9908-4C2C71F04B70}.Debug|Any CPU.Build.0 = Debug|Any CPU
		{2E1EA3CB-8A10-48C1-9908-4C2C71F04B70}.Release|Any CPU.ActiveCfg = Release|Any CPU
		{2E1EA3CB-8A10-48C1-9908-4C2C71F04B70}.Release|Any CPU.Build.0 = Release|Any CPU
		{1B8803E0-4514-4FD3-B89A-F6D021757EE8}.Debug|Any CPU.ActiveCfg = Debug|Any CPU
		{1B8803E0-4514-4FD3-B89A-F6D021757EE8}.Debug|Any CPU.Build.0 = Debug|Any CPU
		{1B8803E0-4514-4FD3-B89A-F6D021757EE8}.Release|Any CPU.ActiveCfg = Release|Any CPU
		{1B8803E0-4514-4FD3-B89A-F6D021757EE8}.Release|Any CPU.Build.0 = Release|Any CPU
		{04AEB2B3-DE72-47E5-B5F2-B23D6E2E84F7}.Debug|Any CPU.ActiveCfg = Debug|Any CPU
		{04AEB2B3-DE72-47E5-B5F2-B23D6E2E84F7}.Debug|Any CPU.Build.0 = Debug|Any CPU
		{04AEB2B3-DE72-47E5-B5F2-B23D6E2E84F7}.Release|Any CPU.ActiveCfg = Release|Any CPU
		{04AEB2B3-DE72-47E5-B5F2-B23D6E2E84F7}.Release|Any CPU.Build.0 = Release|Any CPU
		{5D46B58B-7D3E-496F-863C-8B3BC667C27E}.Debug|Any CPU.ActiveCfg = Debug|Any CPU
		{5D46B58B-7D3E-496F-863C-8B3BC667C27E}.Debug|Any CPU.Build.0 = Debug|Any CPU
		{5D46B58B-7D3E-496F-863C-8B3BC667C27E}.Release|Any CPU.ActiveCfg = Release|Any CPU
		{5D46B58B-7D3E-496F-863C-8B3BC667C27E}.Release|Any CPU.Build.0 = Release|Any CPU
		{DFE32E53-E24D-4730-B175-8205B02AB0C3}.Debug|Any CPU.ActiveCfg = Debug|Any CPU
		{DFE32E53-E24D-4730-B175-8205B02AB0C3}.Debug|Any CPU.Build.0 = Debug|Any CPU
		{DFE32E53-E24D-4730-B175-8205B02AB0C3}.Release|Any CPU.ActiveCfg = Release|Any CPU
		{DFE32E53-E24D-4730-B175-8205B02AB0C3}.Release|Any CPU.Build.0 = Release|Any CPU
	EndGlobalSection
	GlobalSection(SolutionProperties) = preSolution
		HideSolutionNode = FALSE
	EndGlobalSection
	GlobalSection(ExtensibilityGlobals) = postSolution
		SolutionGuid = {3B190AF8-2141-4524-9774-396ED8D44DAA}
	EndGlobalSection
EndGlobal
